PODS:
  - PinLayout (1.10.3)

DEPENDENCIES:
  - PinLayout (from `https://github.com/layoutBox/PinLayout.git`, tag `1.10.3`)

EXTERNAL SOURCES:
  PinLayout:
    :git: https://github.com/layoutBox/PinLayout.git
    :tag: 1.10.3

CHECKOUT OPTIONS:
  PinLayout:
    :git: https://github.com/layoutBox/PinLayout.git
    :tag: 1.10.3

SPEC CHECKSUMS:
  PinLayout: 0090ccbf29ae69af6ae5a15eaeaf27ed7b2c4d83

PODFILE CHECKSUM: 9636757d39b4d6f728aff8d2bb9645f3fa7c7286

COCOAPODS: 1.11.3
