// !$*UTF8*$!
{
	archiveVersion = 1;
	classes = {
	};
	objectVersion = 56;
	objects = {

/* Begin PBXBuildFile section */
		8E68BAE5F8BEECD981219CB6 /* Pods_RoomPlanDemoProj.framework in Frameworks */ = {isa = PBXBuildFile; fileRef = 492701F8D6D9CCC0D757012E /* Pods_RoomPlanDemoProj.framework */; };
		FE0B580E2918ED0700625C80 /* Visualizer.swift in Sources */ = {isa = PBXBuildFile; fileRef = FE0B580D2918ED0700625C80 /* Visualizer.swift */; };
		FE0B58102919254100625C80 /* RoomPlanResultViewController.swift in Sources */ = {isa = PBXBuildFile; fileRef = FE0B580F2919254100625C80 /* RoomPlanResultViewController.swift */; };
		FE742D5E2911205100FCD91E /* AppDelegate.m in Sources */ = {isa = PBXBuildFile; fileRef = FE742D5D2911205100FCD91E /* AppDelegate.m */; };
		FE742D612911205100FCD91E /* SceneDelegate.m in Sources */ = {isa = PBXBuildFile; fileRef = FE742D602911205100FCD91E /* SceneDelegate.m */; };
		FE742D642911205100FCD91E /* ViewController.m in Sources */ = {isa = PBXBuildFile; fileRef = FE742D632911205100FCD91E /* ViewController.m */; };
		FE742D672911205100FCD91E /* Main.storyboard in Resources */ = {isa = PBXBuildFile; fileRef = FE742D652911205100FCD91E /* Main.storyboard */; };
		FE742D692911205400FCD91E /* Assets.xcassets in Resources */ = {isa = PBXBuildFile; fileRef = FE742D682911205400FCD91E /* Assets.xcassets */; };
		FE742D6C2911205400FCD91E /* LaunchScreen.storyboard in Resources */ = {isa = PBXBuildFile; fileRef = FE742D6A2911205400FCD91E /* LaunchScreen.storyboard */; };
		FE742D6F2911205400FCD91E /* main.m in Sources */ = {isa = PBXBuildFile; fileRef = FE742D6E2911205400FCD91E /* main.m */; };
		FE8DEE252913C8F70050FE43 /* RoomPlanBaseViewController.swift in Sources */ = {isa = PBXBuildFile; fileRef = FE8DEE242913C8F70050FE43 /* RoomPlanBaseViewController.swift */; };
		FE8DEE272913CA980050FE43 /* RoomPlanRouter.swift in Sources */ = {isa = PBXBuildFile; fileRef = FE8DEE262913CA980050FE43 /* RoomPlanRouter.swift */; };
		FE8DEE292913D66A0050FE43 /* RoomPlanCustomViewController.swift in Sources */ = {isa = PBXBuildFile; fileRef = FE8DEE282913D66A0050FE43 /* RoomPlanCustomViewController.swift */; };
		FEB2D3462918AD02008D52CB /* USDZPathHelper.swift in Sources */ = {isa = PBXBuildFile; fileRef = FEB2D3452918AD02008D52CB /* USDZPathHelper.swift */; };
/* End PBXBuildFile section */

/* Begin PBXFileReference section */
		492701F8D6D9CCC0D757012E /* Pods_RoomPlanDemoProj.framework */ = {isa = PBXFileReference; explicitFileType = wrapper.framework; includeInIndex = 0; path = Pods_RoomPlanDemoProj.framework; sourceTree = BUILT_PRODUCTS_DIR; };
		63234C8B7FAB7F20CD7904D1 /* Pods-RoomPlanDemoProj.release.xcconfig */ = {isa = PBXFileReference; includeInIndex = 1; lastKnownFileType = text.xcconfig; name = "Pods-RoomPlanDemoProj.release.xcconfig"; path = "Target Support Files/Pods-RoomPlanDemoProj/Pods-RoomPlanDemoProj.release.xcconfig"; sourceTree = "<group>"; };
		D20D89EBFA42064CA2873418 /* Pods-RoomPlanDemoProj.debug.xcconfig */ = {isa = PBXFileReference; includeInIndex = 1; lastKnownFileType = text.xcconfig; name = "Pods-RoomPlanDemoProj.debug.xcconfig"; path = "Target Support Files/Pods-RoomPlanDemoProj/Pods-RoomPlanDemoProj.debug.xcconfig"; sourceTree = "<group>"; };
		FE0B580D2918ED0700625C80 /* Visualizer.swift */ = {isa = PBXFileReference; lastKnownFileType = sourcecode.swift; path = Visualizer.swift; sourceTree = "<group>"; };
		FE0B580F2919254100625C80 /* RoomPlanResultViewController.swift */ = {isa = PBXFileReference; lastKnownFileType = sourcecode.swift; path = RoomPlanResultViewController.swift; sourceTree = "<group>"; };
		FE742D592911205100FCD91E /* RoomPlanDemoProj.app */ = {isa = PBXFileReference; explicitFileType = wrapper.application; includeInIndex = 0; path = RoomPlanDemoProj.app; sourceTree = BUILT_PRODUCTS_DIR; };
		FE742D5C2911205100FCD91E /* AppDelegate.h */ = {isa = PBXFileReference; lastKnownFileType = sourcecode.c.h; path = AppDelegate.h; sourceTree = "<group>"; };
		FE742D5D2911205100FCD91E /* AppDelegate.m */ = {isa = PBXFileReference; lastKnownFileType = sourcecode.c.objc; path = AppDelegate.m; sourceTree = "<group>"; };
		FE742D5F2911205100FCD91E /* SceneDelegate.h */ = {isa = PBXFileReference; lastKnownFileType = sourcecode.c.h; path = SceneDelegate.h; sourceTree = "<group>"; };
		FE742D602911205100FCD91E /* SceneDelegate.m */ = {isa = PBXFileReference; lastKnownFileType = sourcecode.c.objc; path = SceneDelegate.m; sourceTree = "<group>"; };
		FE742D622911205100FCD91E /* ViewController.h */ = {isa = PBXFileReference; lastKnownFileType = sourcecode.c.h; path = ViewController.h; sourceTree = "<group>"; };
		FE742D632911205100FCD91E /* ViewController.m */ = {isa = PBXFileReference; lastKnownFileType = sourcecode.c.objc; path = ViewController.m; sourceTree = "<group>"; };
		FE742D662911205100FCD91E /* Base */ = {isa = PBXFileReference; lastKnownFileType = file.storyboard; name = Base; path = Base.lproj/Main.storyboard; sourceTree = "<group>"; };
		FE742D682911205400FCD91E /* Assets.xcassets */ = {isa = PBXFileReference; lastKnownFileType = folder.assetcatalog; path = Assets.xcassets; sourceTree = "<group>"; };
		FE742D6B2911205400FCD91E /* Base */ = {isa = PBXFileReference; lastKnownFileType = file.storyboard; name = Base; path = Base.lproj/LaunchScreen.storyboard; sourceTree = "<group>"; };
		FE742D6D2911205400FCD91E /* Info.plist */ = {isa = PBXFileReference; lastKnownFileType = text.plist.xml; path = Info.plist; sourceTree = "<group>"; };
		FE742D6E2911205400FCD91E /* main.m */ = {isa = PBXFileReference; lastKnownFileType = sourcecode.c.objc; path = main.m; sourceTree = "<group>"; };
		FE8DEE232913C8F60050FE43 /* RoomPlanDemoProj-Bridging-Header.h */ = {isa = PBXFileReference; lastKnownFileType = sourcecode.c.h; path = "RoomPlanDemoProj-Bridging-Header.h"; sourceTree = "<group>"; };
		FE8DEE242913C8F70050FE43 /* RoomPlanBaseViewController.swift */ = {isa = PBXFileReference; lastKnownFileType = sourcecode.swift; path = RoomPlanBaseViewController.swift; sourceTree = "<group>"; };
		FE8DEE262913CA980050FE43 /* RoomPlanRouter.swift */ = {isa = PBXFileReference; lastKnownFileType = sourcecode.swift; path = RoomPlanRouter.swift; sourceTree = "<group>"; };
		FE8DEE282913D66A0050FE43 /* RoomPlanCustomViewController.swift */ = {isa = PBXFileReference; lastKnownFileType = sourcecode.swift; path = RoomPlanCustomViewController.swift; sourceTree = "<group>"; };
		FEB2D3452918AD02008D52CB /* USDZPathHelper.swift */ = {isa = PBXFileReference; lastKnownFileType = sourcecode.swift; path = USDZPathHelper.swift; sourceTree = "<group>"; };
/* End PBXFileReference section */

/* Begin PBXFrameworksBuildPhase section */
		FE742D562911205100FCD91E /* Frameworks */ = {
			isa = PBXFrameworksBuildPhase;
			buildActionMask = 2147483647;
			files = (
				8E68BAE5F8BEECD981219CB6 /* Pods_RoomPlanDemoProj.framework in Frameworks */,
			);
			runOnlyForDeploymentPostprocessing = 0;
		};
/* End PBXFrameworksBuildPhase section */

/* Begin PBXGroup section */
		EF939BF4228F73E43A15FEF3 /* Pods */ = {
			isa = PBXGroup;
			children = (
				D20D89EBFA42064CA2873418 /* Pods-RoomPlanDemoProj.debug.xcconfig */,
				63234C8B7FAB7F20CD7904D1 /* Pods-RoomPlanDemoProj.release.xcconfig */,
			);
			path = Pods;
			sourceTree = "<group>";
		};
		FD10552542FF21D06731FA97 /* Frameworks */ = {
			isa = PBXGroup;
			children = (
				492701F8D6D9CCC0D757012E /* Pods_RoomPlanDemoProj.framework */,
			);
			name = Frameworks;
			sourceTree = "<group>";
		};
		FE742D502911205100FCD91E = {
			isa = PBXGroup;
			children = (
				FE742D5B2911205100FCD91E /* RoomPlanDemoProj */,
				FE742D5A2911205100FCD91E /* Products */,
				EF939BF4228F73E43A15FEF3 /* Pods */,
				FD10552542FF21D06731FA97 /* Frameworks */,
			);
			sourceTree = "<group>";
		};
		FE742D5A2911205100FCD91E /* Products */ = {
			isa = PBXGroup;
			children = (
				FE742D592911205100FCD91E /* RoomPlanDemoProj.app */,
			);
			name = Products;
			sourceTree = "<group>";
		};
		FE742D5B2911205100FCD91E /* RoomPlanDemoProj */ = {
			isa = PBXGroup;
			children = (
				FE742D5C2911205100FCD91E /* AppDelegate.h */,
				FE742D5D2911205100FCD91E /* AppDelegate.m */,
				FE742D5F2911205100FCD91E /* SceneDelegate.h */,
				FE742D602911205100FCD91E /* SceneDelegate.m */,
				FE742D622911205100FCD91E /* ViewController.h */,
				FE742D632911205100FCD91E /* ViewController.m */,
				FE8DEE242913C8F70050FE43 /* RoomPlanBaseViewController.swift */,
				FE8DEE282913D66A0050FE43 /* RoomPlanCustomViewController.swift */,
				FE0B580F2919254100625C80 /* RoomPlanResultViewController.swift */,
				FE8DEE262913CA980050FE43 /* RoomPlanRouter.swift */,
				FEB2D3452918AD02008D52CB /* USDZPathHelper.swift */,
				FE0B580D2918ED0700625C80 /* Visualizer.swift */,
				FE742D652911205100FCD91E /* Main.storyboard */,
				FE742D682911205400FCD91E /* Assets.xcassets */,
				FE742D6A2911205400FCD91E /* LaunchScreen.storyboard */,
				FE742D6D2911205400FCD91E /* Info.plist */,
				FE742D6E2911205400FCD91E /* main.m */,
				FE8DEE232913C8F60050FE43 /* RoomPlanDemoProj-Bridging-Header.h */,
			);
			path = RoomPlanDemoProj;
			sourceTree = "<group>";
		};
/* End PBXGroup section */

/* Begin PBXNativeTarget section */
		FE742D582911205100FCD91E /* RoomPlanDemoProj */ = {
			isa = PBXNativeTarget;
			buildConfigurationList = FE742D722911205400FCD91E /* Build configuration list for PBXNativeTarget "RoomPlanDemoProj" */;
			buildPhases = (
				23A03DC2DBDA504BA2FEE9F8 /* [CP] Check Pods Manifest.lock */,
				FE742D552911205100FCD91E /* Sources */,
				FE742D562911205100FCD91E /* Frameworks */,
				FE742D572911205100FCD91E /* Resources */,
				122A6014014F8E330457ECF9 /* [CP] Embed Pods Frameworks */,
			);
			buildRules = (
			);
			dependencies = (
			);
			name = RoomPlanDemoProj;
			productName = RoomPlanDemoProj;
			productReference = FE742D592911205100FCD91E /* RoomPlanDemoProj.app */;
			productType = "com.apple.product-type.application";
		};
/* End PBXNativeTarget section */

/* Begin PBXProject section */
		FE742D512911205100FCD91E /* Project object */ = {
			isa = PBXProject;
			attributes = {
				BuildIndependentTargetsInParallel = 1;
				LastUpgradeCheck = 1400;
				TargetAttributes = {
					FE742D582911205100FCD91E = {
						CreatedOnToolsVersion = 14.0;
						LastSwiftMigration = 1400;
					};
				};
			};
			buildConfigurationList = FE742D542911205100FCD91E /* Build configuration list for PBXProject "RoomPlanDemoProj" */;
			compatibilityVersion = "Xcode 14.0";
			developmentRegion = en;
			hasScannedForEncodings = 0;
			knownRegions = (
				en,
				Base,
			);
			mainGroup = FE742D502911205100FCD91E;
			productRefGroup = FE742D5A2911205100FCD91E /* Products */;
			projectDirPath = "";
			projectRoot = "";
			targets = (
				FE742D582911205100FCD91E /* RoomPlanDemoProj */,
			);
		};
/* End PBXProject section */

/* Begin PBXResourcesBuildPhase section */
		FE742D572911205100FCD91E /* Resources */ = {
			isa = PBXResourcesBuildPhase;
			buildActionMask = 2147483647;
			files = (
				FE742D6C2911205400FCD91E /* LaunchScreen.storyboard in Resources */,
				FE742D692911205400FCD91E /* Assets.xcassets in Resources */,
				FE742D672911205100FCD91E /* Main.storyboard in Resources */,
			);
			runOnlyForDeploymentPostprocessing = 0;
		};
/* End PBXResourcesBuildPhase section */

/* Begin PBXShellScriptBuildPhase section */
		122A6014014F8E330457ECF9 /* [CP] Embed Pods Frameworks */ = {
			isa = PBXShellScriptBuildPhase;
			buildActionMask = 2147483647;
			files = (
			);
			inputFileListPaths = (
				"${PODS_ROOT}/Target Support Files/Pods-RoomPlanDemoProj/Pods-RoomPlanDemoProj-frameworks-${CONFIGURATION}-input-files.xcfilelist",
			);
			name = "[CP] Embed Pods Frameworks";
			outputFileListPaths = (
				"${PODS_ROOT}/Target Support Files/Pods-RoomPlanDemoProj/Pods-RoomPlanDemoProj-frameworks-${CONFIGURATION}-output-files.xcfilelist",
			);
			runOnlyForDeploymentPostprocessing = 0;
			shellPath = /bin/sh;
			shellScript = "\"${PODS_ROOT}/Target Support Files/Pods-RoomPlanDemoProj/Pods-RoomPlanDemoProj-frameworks.sh\"\n";
			showEnvVarsInLog = 0;
		};
		23A03DC2DBDA504BA2FEE9F8 /* [CP] Check Pods Manifest.lock */ = {
			isa = PBXShellScriptBuildPhase;
			buildActionMask = 2147483647;
			files = (
			);
			inputFileListPaths = (
			);
			inputPaths = (
				"${PODS_PODFILE_DIR_PATH}/Podfile.lock",
				"${PODS_ROOT}/Manifest.lock",
			);
			name = "[CP] Check Pods Manifest.lock";
			outputFileListPaths = (
			);
			outputPaths = (
				"$(DERIVED_FILE_DIR)/Pods-RoomPlanDemoProj-checkManifestLockResult.txt",
			);
			runOnlyForDeploymentPostprocessing = 0;
			shellPath = /bin/sh;
			shellScript = "diff \"${PODS_PODFILE_DIR_PATH}/Podfile.lock\" \"${PODS_ROOT}/Manifest.lock\" > /dev/null\nif [ $? != 0 ] ; then\n    # print error to STDERR\n    echo \"error: The sandbox is not in sync with the Podfile.lock. Run 'pod install' or update your CocoaPods installation.\" >&2\n    exit 1\nfi\n# This output is used by Xcode 'outputs' to avoid re-running this script phase.\necho \"SUCCESS\" > \"${SCRIPT_OUTPUT_FILE_0}\"\n";
			showEnvVarsInLog = 0;
		};
/* End PBXShellScriptBuildPhase section */

/* Begin PBXSourcesBuildPhase section */
		FE742D552911205100FCD91E /* Sources */ = {
			isa = PBXSourcesBuildPhase;
			buildActionMask = 2147483647;
			files = (
				FE742D642911205100FCD91E /* ViewController.m in Sources */,
				FE742D5E2911205100FCD91E /* AppDelegate.m in Sources */,
				FEB2D3462918AD02008D52CB /* USDZPathHelper.swift in Sources */,
				FE742D6F2911205400FCD91E /* main.m in Sources */,
				FE8DEE252913C8F70050FE43 /* RoomPlanBaseViewController.swift in Sources */,
				FE0B580E2918ED0700625C80 /* Visualizer.swift in Sources */,
				FE8DEE272913CA980050FE43 /* RoomPlanRouter.swift in Sources */,
				FE0B58102919254100625C80 /* RoomPlanResultViewController.swift in Sources */,
				FE8DEE292913D66A0050FE43 /* RoomPlanCustomViewController.swift in Sources */,
				FE742D612911205100FCD91E /* SceneDelegate.m in Sources */,
			);
			runOnlyForDeploymentPostprocessing = 0;
		};
/* End PBXSourcesBuildPhase section */

/* Begin PBXVariantGroup section */
		FE742D652911205100FCD91E /* Main.storyboard */ = {
			isa = PBXVariantGroup;
			children = (
				FE742D662911205100FCD91E /* Base */,
			);
			name = Main.storyboard;
			sourceTree = "<group>";
		};
		FE742D6A2911205400FCD91E /* LaunchScreen.storyboard */ = {
			isa = PBXVariantGroup;
			children = (
				FE742D6B2911205400FCD91E /* Base */,
			);
			name = LaunchScreen.storyboard;
			sourceTree = "<group>";
		};
/* End PBXVariantGroup section */

/* Begin XCBuildConfiguration section */
		FE742D702911205400FCD91E /* Debug */ = {
			isa = XCBuildConfiguration;
			buildSettings = {
				ALWAYS_SEARCH_USER_PATHS = NO;
				CLANG_ANALYZER_NONNULL = YES;
				CLANG_ANALYZER_NUMBER_OBJECT_CONVERSION = YES_AGGRESSIVE;
				CLANG_CXX_LANGUAGE_STANDARD = "gnu++20";
				CLANG_ENABLE_MODULES = YES;
				CLANG_ENABLE_OBJC_ARC = YES;
				CLANG_ENABLE_OBJC_WEAK = YES;
				CLANG_WARN_BLOCK_CAPTURE_AUTORELEASING = YES;
				CLANG_WARN_BOOL_CONVERSION = YES;
				CLANG_WARN_COMMA = YES;
				CLANG_WARN_CONSTANT_CONVERSION = YES;
				CLANG_WARN_DEPRECATED_OBJC_IMPLEMENTATIONS = YES;
				CLANG_WARN_DIRECT_OBJC_ISA_USAGE = YES_ERROR;
				CLANG_WARN_DOCUMENTATION_COMMENTS = YES;
				CLANG_WARN_EMPTY_BODY = YES;
				CLANG_WARN_ENUM_CONVERSION = YES;
				CLANG_WARN_INFINITE_RECURSION = YES;
				CLANG_WARN_INT_CONVERSION = YES;
				CLANG_WARN_NON_LITERAL_NULL_CONVERSION = YES;
				CLANG_WARN_OBJC_IMPLICIT_RETAIN_SELF = YES;
				CLANG_WARN_OBJC_LITERAL_CONVERSION = YES;
				CLANG_WARN_OBJC_ROOT_CLASS = YES_ERROR;
				CLANG_WARN_QUOTED_INCLUDE_IN_FRAMEWORK_HEADER = YES;
				CLANG_WARN_RANGE_LOOP_ANALYSIS = YES;
				CLANG_WARN_STRICT_PROTOTYPES = YES;
				CLANG_WARN_SUSPICIOUS_MOVE = YES;
				CLANG_WARN_UNGUARDED_AVAILABILITY = YES_AGGRESSIVE;
				CLANG_WARN_UNREACHABLE_CODE = YES;
				CLANG_WARN__DUPLICATE_METHOD_MATCH = YES;
				COPY_PHASE_STRIP = NO;
				DEBUG_INFORMATION_FORMAT = dwarf;
				ENABLE_STRICT_OBJC_MSGSEND = YES;
				ENABLE_TESTABILITY = YES;
				GCC_C_LANGUAGE_STANDARD = gnu11;
				GCC_DYNAMIC_NO_PIC = NO;
				GCC_NO_COMMON_BLOCKS = YES;
				GCC_OPTIMIZATION_LEVEL = 0;
				GCC_PREPROCESSOR_DEFINITIONS = (
					"DEBUG=1",
					"$(inherited)",
				);
				GCC_WARN_64_TO_32_BIT_CONVERSION = YES;
				GCC_WARN_ABOUT_RETURN_TYPE = YES_ERROR;
				GCC_WARN_UNDECLARED_SELECTOR = YES;
				GCC_WARN_UNINITIALIZED_AUTOS = YES_AGGRESSIVE;
				GCC_WARN_UNUSED_FUNCTION = YES;
				GCC_WARN_UNUSED_VARIABLE = YES;
				IPHONEOS_DEPLOYMENT_TARGET = 16.0;
				MTL_ENABLE_DEBUG_INFO = INCLUDE_SOURCE;
				MTL_FAST_MATH = YES;
				ONLY_ACTIVE_ARCH = YES;
				PRODUCT_MODULE_NAME = "$(PRODUCT_NAME:c99extidentifier)";
				SDKROOT = iphoneos;
			};
			name = Debug;
		};
		FE742D712911205400FCD91E /* Release */ = {
			isa = XCBuildConfiguration;
			buildSettings = {
				ALWAYS_SEARCH_USER_PATHS = NO;
				CLANG_ANALYZER_NONNULL = YES;
				CLANG_ANALYZER_NUMBER_OBJECT_CONVERSION = YES_AGGRESSIVE;
				CLANG_CXX_LANGUAGE_STANDARD = "gnu++20";
				CLANG_ENABLE_MODULES = YES;
				CLANG_ENABLE_OBJC_ARC = YES;
				CLANG_ENABLE_OBJC_WEAK = YES;
				CLANG_WARN_BLOCK_CAPTURE_AUTORELEASING = YES;
				CLANG_WARN_BOOL_CONVERSION = YES;
				CLANG_WARN_COMMA = YES;
				CLANG_WARN_CONSTANT_CONVERSION = YES;
				CLANG_WARN_DEPRECATED_OBJC_IMPLEMENTATIONS = YES;
				CLANG_WARN_DIRECT_OBJC_ISA_USAGE = YES_ERROR;
				CLANG_WARN_DOCUMENTATION_COMMENTS = YES;
				CLANG_WARN_EMPTY_BODY = YES;
				CLANG_WARN_ENUM_CONVERSION = YES;
				CLANG_WARN_INFINITE_RECURSION = YES;
				CLANG_WARN_INT_CONVERSION = YES;
				CLANG_WARN_NON_LITERAL_NULL_CONVERSION = YES;
				CLANG_WARN_OBJC_IMPLICIT_RETAIN_SELF = YES;
				CLANG_WARN_OBJC_LITERAL_CONVERSION = YES;
				CLANG_WARN_OBJC_ROOT_CLASS = YES_ERROR;
				CLANG_WARN_QUOTED_INCLUDE_IN_FRAMEWORK_HEADER = YES;
				CLANG_WARN_RANGE_LOOP_ANALYSIS = YES;
				CLANG_WARN_STRICT_PROTOTYPES = YES;
				CLANG_WARN_SUSPICIOUS_MOVE = YES;
				CLANG_WARN_UNGUARDED_AVAILABILITY = YES_AGGRESSIVE;
				CLANG_WARN_UNREACHABLE_CODE = YES;
				CLANG_WARN__DUPLICATE_METHOD_MATCH = YES;
				COPY_PHASE_STRIP = NO;
				DEBUG_INFORMATION_FORMAT = "dwarf-with-dsym";
				ENABLE_NS_ASSERTIONS = NO;
				ENABLE_STRICT_OBJC_MSGSEND = YES;
				GCC_C_LANGUAGE_STANDARD = gnu11;
				GCC_NO_COMMON_BLOCKS = YES;
				GCC_WARN_64_TO_32_BIT_CONVERSION = YES;
				GCC_WARN_ABOUT_RETURN_TYPE = YES_ERROR;
				GCC_WARN_UNDECLARED_SELECTOR = YES;
				GCC_WARN_UNINITIALIZED_AUTOS = YES_AGGRESSIVE;
				GCC_WARN_UNUSED_FUNCTION = YES;
				GCC_WARN_UNUSED_VARIABLE = YES;
				IPHONEOS_DEPLOYMENT_TARGET = 16.0;
				MTL_ENABLE_DEBUG_INFO = NO;
				MTL_FAST_MATH = YES;
				PRODUCT_MODULE_NAME = "$(PRODUCT_NAME:c99extidentifier)";
				SDKROOT = iphoneos;
				VALIDATE_PRODUCT = YES;
			};
			name = Release;
		};
		FE742D732911205400FCD91E /* Debug */ = {
			isa = XCBuildConfiguration;
			baseConfigurationReference = D20D89EBFA42064CA2873418 /* Pods-RoomPlanDemoProj.debug.xcconfig */;
			buildSettings = {
				ASSETCATALOG_COMPILER_APPICON_NAME = AppIcon;
				ASSETCATALOG_COMPILER_GLOBAL_ACCENT_COLOR_NAME = AccentColor;
				CLANG_ENABLE_MODULES = YES;
				CODE_SIGN_STYLE = Automatic;
				CURRENT_PROJECT_VERSION = 1;
				DEFINES_MODULE = YES;
				DEVELOPMENT_TEAM = VSH7W5Y66V;
				GENERATE_INFOPLIST_FILE = YES;
				INFOPLIST_FILE = RoomPlanDemoProj/Info.plist;
				INFOPLIST_KEY_UIApplicationSupportsIndirectInputEvents = YES;
				INFOPLIST_KEY_UILaunchStoryboardName = LaunchScreen;
				INFOPLIST_KEY_UIMainStoryboardFile = Main;
				INFOPLIST_KEY_UISupportedInterfaceOrientations_iPad = "UIInterfaceOrientationPortrait UIInterfaceOrientationPortraitUpsideDown UIInterfaceOrientationLandscapeLeft UIInterfaceOrientationLandscapeRight";
				INFOPLIST_KEY_UISupportedInterfaceOrientations_iPhone = "UIInterfaceOrientationPortrait UIInterfaceOrientationLandscapeLeft UIInterfaceOrientationLandscapeRight";
				LD_RUNPATH_SEARCH_PATHS = (
					"$(inherited)",
					"@executable_path/Frameworks",
				);
				MARKETING_VERSION = 1.0;
				PRODUCT_BUNDLE_IDENTIFIER = raven.room.plan.test.RoomPlanDemoProj;
				PRODUCT_NAME = "$(TARGET_NAME)";
				SWIFT_EMIT_LOC_STRINGS = YES;
				SWIFT_OBJC_BRIDGING_HEADER = "RoomPlanDemoProj/RoomPlanDemoProj-Bridging-Header.h";
				SWIFT_OPTIMIZATION_LEVEL = "-Onone";
				SWIFT_VERSION = 5.0;
				TARGETED_DEVICE_FAMILY = "1,2";
			};
			name = Debug;
		};
		FE742D742911205400FCD91E /* Release */ = {
			isa = XCBuildConfiguration;
			baseConfigurationReference = 63234C8B7FAB7F20CD7904D1 /* Pods-RoomPlanDemoProj.release.xcconfig */;
			buildSettings = {
				ASSETCATALOG_COMPILER_APPICON_NAME = AppIcon;
				ASSETCATALOG_COMPILER_GLOBAL_ACCENT_COLOR_NAME = AccentColor;
				CLANG_ENABLE_MODULES = YES;
				CODE_SIGN_STYLE = Automatic;
				CURRENT_PROJECT_VERSION = 1;
				DEFINES_MODULE = YES;
				DEVELOPMENT_TEAM = VSH7W5Y66V;
				GENERATE_INFOPLIST_FILE = YES;
				INFOPLIST_FILE = RoomPlanDemoProj/Info.plist;
				INFOPLIST_KEY_UIApplicationSupportsIndirectInputEvents = YES;
				INFOPLIST_KEY_UILaunchStoryboardName = LaunchScreen;
				INFOPLIST_KEY_UIMainStoryboardFile = Main;
				INFOPLIST_KEY_UISupportedInterfaceOrientations_iPad = "UIInterfaceOrientationPortrait UIInterfaceOrientationPortraitUpsideDown UIInterfaceOrientationLandscapeLeft UIInterfaceOrientationLandscapeRight";
				INFOPLIST_KEY_UISupportedInterfaceOrientations_iPhone = "UIInterfaceOrientationPortrait UIInterfaceOrientationLandscapeLeft UIInterfaceOrientationLandscapeRight";
				LD_RUNPATH_SEARCH_PATHS = (
					"$(inherited)",
					"@executable_path/Frameworks",
				);
				MARKETING_VERSION = 1.0;
				PRODUCT_BUNDLE_IDENTIFIER = raven.room.plan.test.RoomPlanDemoProj;
				PRODUCT_NAME = "$(TARGET_NAME)";
				SWIFT_EMIT_LOC_STRINGS = YES;
				SWIFT_OBJC_BRIDGING_HEADER = "RoomPlanDemoProj/RoomPlanDemoProj-Bridging-Header.h";
				SWIFT_VERSION = 5.0;
				TARGETED_DEVICE_FAMILY = "1,2";
			};
			name = Release;
		};
/* End XCBuildConfiguration section */

/* Begin XCConfigurationList section */
		FE742D542911205100FCD91E /* Build configuration list for PBXProject "RoomPlanDemoProj" */ = {
			isa = XCConfigurationList;
			buildConfigurations = (
				FE742D702911205400FCD91E /* Debug */,
				FE742D712911205400FCD91E /* Release */,
			);
			defaultConfigurationIsVisible = 0;
			defaultConfigurationName = Release;
		};
		FE742D722911205400FCD91E /* Build configuration list for PBXNativeTarget "RoomPlanDemoProj" */ = {
			isa = XCConfigurationList;
			buildConfigurations = (
				FE742D732911205400FCD91E /* Debug */,
				FE742D742911205400FCD91E /* Release */,
			);
			defaultConfigurationIsVisible = 0;
			defaultConfigurationName = Release;
		};
/* End XCConfigurationList section */
	};
	rootObject = FE742D512911205100FCD91E /* Project object */;
}
